
Microsoft Visual Studio Solution File, Format Version 12.00
# Visual Studio Version 16
VisualStudioVersion = 16.0.31019.35
MinimumVisualStudioVersion = 10.0.40219.1
Project("{9A19103F-16F7-4668-BE54-9A1E7A4F7556}") = "WordParser", "WordParser\WordParser.csproj", "{CE2F2ED8-8D30-419F-92FD-C151FE8D8DDB}"
EndProject
Project("{9A19103F-16F7-4668-BE54-9A1E7A4F7556}") = "WordParser.UnitTest", "WordParser.UnitTestt\WordParser.UnitTest.csproj", "{02C19574-5FDF-4E35-852B-236FB6CA5A6F}"
EndProject
Global
	GlobalSection(SolutionConfigurationPlatforms) = preSolution
		Debug|Any CPU = Debug|Any CPU
		Release|Any CPU = Release|Any CPU
	EndGlobalSection
	GlobalSection(ProjectConfigurationPlatforms) = postSolution
		{CE2F2ED8-8D30-419F-92FD-C151FE8D8DDB}.Debug|Any CPU.ActiveCfg = Debug|Any CPU
		{CE2F2ED8-8D30-419F-92FD-C151FE8D8DDB}.Debug|Any CPU.Build.0 = Debug|Any CPU
		{CE2F2ED8-8D30-419F-92FD-C151FE8D8DDB}.Release|Any CPU.ActiveCfg = Release|Any CPU
		{CE2F2ED8-8D30-419F-92FD-C151FE8D8DDB}.Release|Any CPU.Build.0 = Release|Any CPU
		{02C19574-5FDF-4E35-852B-236FB6CA5A6F}.Debug|Any CPU.ActiveCfg = Debug|Any CPU
		{02C19574-5FDF-4E35-852B-236FB6CA5A6F}.Debug|Any CPU.Build.0 = Debug|Any CPU
		{02C19574-5FDF-4E35-852B-236FB6CA5A6F}.Release|Any CPU.ActiveCfg = Release|Any CPU
		{02C19574-5FDF-4E35-852B-236FB6CA5A6F}.Release|Any CPU.Build.0 = Release|Any CPU
	EndGlobalSection
	GlobalSection(SolutionProperties) = preSolution
		HideSolutionNode = FALSE
	EndGlobalSection
	GlobalSection(ExtensibilityGlobals) = postSolution
		SolutionGuid = {43206D30-CAB2-4043-9139-4B7F24D13AB9}
	EndGlobalSection
EndGlobal
